{
  "name": "easy_to_pay",
  "version": "1.0.0",
  "lockfileVersion": 1,
  "requires": true,
  "dependencies": {
    "translater.js": {
      "version": "1.0.9",
      "resolved": "https://registry.npmjs.org/translater.js/-/translater.js-1.0.9.tgz",
      "integrity": "sha1-s2IxaqhlsfFAmDAlfzJEkVWHpEE="
    }
  }
}
